
Microsoft Visual Studio Solution File, Format Version 12.00
# Visual Studio Version 17
VisualStudioVersion = 17.8.34330.188
MinimumVisualStudioVersion = 10.0.40219.1
Project("{FAE04EC0-301F-11D3-BF4B-00C04F79EFBC}") = "RESTDemo", "RESTDemo\RESTDemo.csproj", "{AA9EF573-0E6C-42F2-BD16-3B6AF2D1DE2D}"
EndProject
Global
	GlobalSection(SolutionConfigurationPlatforms) = preSolution
		Debug|Any CPU = Debug|Any CPU
		Release|Any CPU = Release|Any CPU
	EndGlobalSection
	GlobalSection(ProjectConfigurationPlatforms) = postSolution
		{AA9EF573-0E6C-42F2-BD16-3B6AF2D1DE2D}.Debug|Any CPU.ActiveCfg = Debug|Any CPU
		{AA9EF573-0E6C-42F2-BD16-3B6AF2D1DE2D}.Debug|Any CPU.Build.0 = Debug|Any CPU
		{AA9EF573-0E6C-42F2-BD16-3B6AF2D1DE2D}.Debug|Any CPU.Deploy.0 = Debug|Any CPU
		{AA9EF573-0E6C-42F2-BD16-3B6AF2D1DE2D}.Release|Any CPU.ActiveCfg = Release|Any CPU
		{AA9EF573-0E6C-42F2-BD16-3B6AF2D1DE2D}.Release|Any CPU.Build.0 = Release|Any CPU
		{AA9EF573-0E6C-42F2-BD16-3B6AF2D1DE2D}.Release|Any CPU.Deploy.0 = Release|Any CPU
	EndGlobalSection
	GlobalSection(SolutionProperties) = preSolution
		HideSolutionNode = FALSE
	EndGlobalSection
	GlobalSection(ExtensibilityGlobals) = postSolution
		SolutionGuid = {79A35790-F95B-424A-8DAD-FCC34F198FA4}
	EndGlobalSection
EndGlobal
